
Microsoft Visual Studio Solution File, Format Version 12.00
# Visual Studio 15
VisualStudioVersion = 15.0.28307.1267
MinimumVisualStudioVersion = 10.0.40219.1
Project("{888888A0-9F3D-457C-B088-3A5042F75D52}") = "Phortable", "Phortable\Phortable.pyproj", "{F084587A-7C6D-4138-88A2-C360E1AAFCFC}"
EndProject
Global
	GlobalSection(SolutionConfigurationPlatforms) = preSolution
		Debug|Any CPU = Debug|Any CPU
		Release|Any CPU = Release|Any CPU
	EndGlobalSection
	GlobalSection(ProjectConfigurationPlatforms) = postSolution
		{F084587A-7C6D-4138-88A2-C360E1AAFCFC}.Debug|Any CPU.ActiveCfg = Debug|Any CPU
		{F084587A-7C6D-4138-88A2-C360E1AAFCFC}.Release|Any CPU.ActiveCfg = Release|Any CPU
	EndGlobalSection
	GlobalSection(SolutionProperties) = preSolution
		HideSolutionNode = FALSE
	EndGlobalSection
	GlobalSection(ExtensibilityGlobals) = postSolution
		SolutionGuid = {5A329DFF-3905-4615-999E-B8E90FA06EE7}
	EndGlobalSection
EndGlobal
